
Microsoft Visual Studio Solution File, Format Version 12.00
# Visual Studio Version 17
VisualStudioVersion = 17.7.34221.43
MinimumVisualStudioVersion = 10.0.40219.1
Project("{8BC9CEB8-8B4A-11D0-8D11-00A0C91BC942}") = "01_DirectXLibrary", "01_DirectXLibrary\01_DirectXLibrary.vcxproj", "{6380A79D-1436-45E7-91FF-4329DA9D15C1}"
EndProject
Project("{8BC9CEB8-8B4A-11D0-8D11-00A0C91BC942}") = "00_Debug", "00_Debug\00_Debug.vcxproj", "{0F6F9572-D6AA-4816-AAF4-2DFF4762829F}"
EndProject
Project("{8BC9CEB8-8B4A-11D0-8D11-00A0C91BC942}") = "08_GameInput", "08_GameInput\08_GameInput.vcxproj", "{1F6F943E-D8E0-45AF-ACF9-E2DC108FB8FD}"
EndProject
Global
	GlobalSection(SolutionConfigurationPlatforms) = preSolution
		Debug|x64 = Debug|x64
		Debug|x86 = Debug|x86
		Release|x64 = Release|x64
		Release|x86 = Release|x86
	EndGlobalSection
	GlobalSection(ProjectConfigurationPlatforms) = postSolution
		{6380A79D-1436-45E7-91FF-4329DA9D15C1}.Debug|x64.ActiveCfg = Debug|x64
		{6380A79D-1436-45E7-91FF-4329DA9D15C1}.Debug|x64.Build.0 = Debug|x64
		{6380A79D-1436-45E7-91FF-4329DA9D15C1}.Debug|x86.ActiveCfg = Debug|Win32
		{6380A79D-1436-45E7-91FF-4329DA9D15C1}.Debug|x86.Build.0 = Debug|Win32
		{6380A79D-1436-45E7-91FF-4329DA9D15C1}.Release|x64.ActiveCfg = Release|x64
		{6380A79D-1436-45E7-91FF-4329DA9D15C1}.Release|x64.Build.0 = Release|x64
		{6380A79D-1436-45E7-91FF-4329DA9D15C1}.Release|x86.ActiveCfg = Release|Win32
		{6380A79D-1436-45E7-91FF-4329DA9D15C1}.Release|x86.Build.0 = Release|Win32
		{0F6F9572-D6AA-4816-AAF4-2DFF4762829F}.Debug|x64.ActiveCfg = Debug|x64
		{0F6F9572-D6AA-4816-AAF4-2DFF4762829F}.Debug|x64.Build.0 = Debug|x64
		{0F6F9572-D6AA-4816-AAF4-2DFF4762829F}.Debug|x86.ActiveCfg = Debug|Win32
		{0F6F9572-D6AA-4816-AAF4-2DFF4762829F}.Debug|x86.Build.0 = Debug|Win32
		{0F6F9572-D6AA-4816-AAF4-2DFF4762829F}.Release|x64.ActiveCfg = Release|x64
		{0F6F9572-D6AA-4816-AAF4-2DFF4762829F}.Release|x64.Build.0 = Release|x64
		{0F6F9572-D6AA-4816-AAF4-2DFF4762829F}.Release|x86.ActiveCfg = Release|Win32
		{0F6F9572-D6AA-4816-AAF4-2DFF4762829F}.Release|x86.Build.0 = Release|Win32
		{1F6F943E-D8E0-45AF-ACF9-E2DC108FB8FD}.Debug|x64.ActiveCfg = Debug|x64
		{1F6F943E-D8E0-45AF-ACF9-E2DC108FB8FD}.Debug|x64.Build.0 = Debug|x64
		{1F6F943E-D8E0-45AF-ACF9-E2DC108FB8FD}.Debug|x86.ActiveCfg = Debug|x64
		{1F6F943E-D8E0-45AF-ACF9-E2DC108FB8FD}.Debug|x86.Build.0 = Debug|x64
		{1F6F943E-D8E0-45AF-ACF9-E2DC108FB8FD}.Release|x64.ActiveCfg = Release|x64
		{1F6F943E-D8E0-45AF-ACF9-E2DC108FB8FD}.Release|x64.Build.0 = Release|x64
		{1F6F943E-D8E0-45AF-ACF9-E2DC108FB8FD}.Release|x86.ActiveCfg = Release|x64
		{1F6F943E-D8E0-45AF-ACF9-E2DC108FB8FD}.Release|x86.Build.0 = Release|x64
	EndGlobalSection
	GlobalSection(SolutionProperties) = preSolution
		HideSolutionNode = FALSE
	EndGlobalSection
	GlobalSection(ExtensibilityGlobals) = postSolution
		SolutionGuid = {E004C653-F34A-4EB9-A981-E0AE8639219E}
	EndGlobalSection
EndGlobal
